// !$*UTF8*$!
{
	archiveVersion = 1;
	classes = {
	};
	objectVersion = 77;
	objects = {

/* Begin PBXBuildFile section */
		3652ABE22D7D279E007BD1C9 /* MarkdownClipPluginProtocol.framework in Frameworks */ = {isa = PBXBuildFile; fileRef = 3652AB902D7D2393007BD1C9 /* MarkdownClipPluginProtocol.framework */; };
		3652ABE32D7D279E007BD1C9 /* MarkdownClipPluginProtocol.framework in Embed Frameworks */ = {isa = PBXBuildFile; fileRef = 3652AB902D7D2393007BD1C9 /* MarkdownClipPluginProtocol.framework */; settings = {ATTRIBUTES = (CodeSignOnCopy, RemoveHeadersOnCopy, ); }; };
		366C11312DAFD57D000CEE7B /* SDSMarkdownEditView in Frameworks */ = {isa = PBXBuildFile; productRef = 366C11302DAFD57D000CEE7B /* SDSMarkdownEditView */; };
/* End PBXBuildFile section */

/* Begin PBXContainerItemProxy section */
		3652AB9C2D7D2393007BD1C9 /* PBXContainerItemProxy */ = {
			isa = PBXContainerItemProxy;
			containerPortal = 3652AB872D7D2393007BD1C9 /* Project object */;
			proxyType = 1;
			remoteGlobalIDString = 3652AB8F2D7D2393007BD1C9;
			remoteInfo = MarkdownClipPluginProtocol;
		};
/* End PBXContainerItemProxy section */

/* Begin PBXCopyFilesBuildPhase section */
		3652ABE42D7D279E007BD1C9 /* Embed Frameworks */ = {
			isa = PBXCopyFilesBuildPhase;
			buildActionMask = 2147483647;
			dstPath = "";
			dstSubfolderSpec = 10;
			files = (
				3652ABE32D7D279E007BD1C9 /* MarkdownClipPluginProtocol.framework in Embed Frameworks */,
			);
			name = "Embed Frameworks";
			runOnlyForDeploymentPostprocessing = 0;
		};
/* End PBXCopyFilesBuildPhase section */

/* Begin PBXFileReference section */
		3652AB902D7D2393007BD1C9 /* MarkdownClipPluginProtocol.framework */ = {isa = PBXFileReference; explicitFileType = wrapper.framework; includeInIndex = 0; path = MarkdownClipPluginProtocol.framework; sourceTree = BUILT_PRODUCTS_DIR; };
		3652AB9A2D7D2393007BD1C9 /* MarkdownClipPluginProtocolTests.xctest */ = {isa = PBXFileReference; explicitFileType = wrapper.cfbundle; includeInIndex = 0; path = MarkdownClipPluginProtocolTests.xctest; sourceTree = BUILT_PRODUCTS_DIR; };
/* End PBXFileReference section */

/* Begin PBXFileSystemSynchronizedBuildFileExceptionSet section */
		3652ABA22D7D2393007BD1C9 /* Exceptions for "MarkdownClipPluginProtocol" folder in "MarkdownClipPluginProtocol" target */ = {
			isa = PBXFileSystemSynchronizedBuildFileExceptionSet;
			publicHeaders = (
				MarkdownClipPluginProtocol.h,
			);
			target = 3652AB8F2D7D2393007BD1C9 /* MarkdownClipPluginProtocol */;
		};
/* End PBXFileSystemSynchronizedBuildFileExceptionSet section */

/* Begin PBXFileSystemSynchronizedRootGroup section */
		3652AB922D7D2393007BD1C9 /* MarkdownClipPluginProtocol */ = {
			isa = PBXFileSystemSynchronizedRootGroup;
			exceptions = (
				3652ABA22D7D2393007BD1C9 /* Exceptions for "MarkdownClipPluginProtocol" folder in "MarkdownClipPluginProtocol" target */,
			);
			path = MarkdownClipPluginProtocol;
			sourceTree = "<group>";
		};
		3652AB9E2D7D2393007BD1C9 /* MarkdownClipPluginProtocolTests */ = {
			isa = PBXFileSystemSynchronizedRootGroup;
			path = MarkdownClipPluginProtocolTests;
			sourceTree = "<group>";
		};
/* End PBXFileSystemSynchronizedRootGroup section */

/* Begin PBXFrameworksBuildPhase section */
		3652AB8D2D7D2393007BD1C9 /* Frameworks */ = {
			isa = PBXFrameworksBuildPhase;
			buildActionMask = 2147483647;
			files = (
				366C11312DAFD57D000CEE7B /* SDSMarkdownEditView in Frameworks */,
			);
			runOnlyForDeploymentPostprocessing = 0;
		};
		3652AB972D7D2393007BD1C9 /* Frameworks */ = {
			isa = PBXFrameworksBuildPhase;
			buildActionMask = 2147483647;
			files = (
				3652ABE22D7D279E007BD1C9 /* MarkdownClipPluginProtocol.framework in Frameworks */,
			);
			runOnlyForDeploymentPostprocessing = 0;
		};
/* End PBXFrameworksBuildPhase section */

/* Begin PBXGroup section */
		3652AB862D7D2393007BD1C9 = {
			isa = PBXGroup;
			children = (
				3652AB922D7D2393007BD1C9 /* MarkdownClipPluginProtocol */,
				3652AB9E2D7D2393007BD1C9 /* MarkdownClipPluginProtocolTests */,
				3652AB912D7D2393007BD1C9 /* Products */,
			);
			sourceTree = "<group>";
		};
		3652AB912D7D2393007BD1C9 /* Products */ = {
			isa = PBXGroup;
			children = (
				3652AB902D7D2393007BD1C9 /* MarkdownClipPluginProtocol.framework */,
				3652AB9A2D7D2393007BD1C9 /* MarkdownClipPluginProtocolTests.xctest */,
			);
			name = Products;
			sourceTree = "<group>";
		};
/* End PBXGroup section */

/* Begin PBXHeadersBuildPhase section */
		3652AB8B2D7D2393007BD1C9 /* Headers */ = {
			isa = PBXHeadersBuildPhase;
			buildActionMask = 2147483647;
			files = (
			);
			runOnlyForDeploymentPostprocessing = 0;
		};
/* End PBXHeadersBuildPhase section */

/* Begin PBXNativeTarget section */
		3652AB8F2D7D2393007BD1C9 /* MarkdownClipPluginProtocol */ = {
			isa = PBXNativeTarget;
			buildConfigurationList = 3652ABA32D7D2393007BD1C9 /* Build configuration list for PBXNativeTarget "MarkdownClipPluginProtocol" */;
			buildPhases = (
				3652AB8B2D7D2393007BD1C9 /* Headers */,
				3652AB8C2D7D2393007BD1C9 /* Sources */,
				3652AB8D2D7D2393007BD1C9 /* Frameworks */,
				3652AB8E2D7D2393007BD1C9 /* Resources */,
			);
			buildRules = (
			);
			dependencies = (
			);
			fileSystemSynchronizedGroups = (
				3652AB922D7D2393007BD1C9 /* MarkdownClipPluginProtocol */,
			);
			name = MarkdownClipPluginProtocol;
			packageProductDependencies = (
				366C11302DAFD57D000CEE7B /* SDSMarkdownEditView */,
			);
			productName = MarkdownClipPluginProtocol;
			productReference = 3652AB902D7D2393007BD1C9 /* MarkdownClipPluginProtocol.framework */;
			productType = "com.apple.product-type.framework";
		};
		3652AB992D7D2393007BD1C9 /* MarkdownClipPluginProtocolTests */ = {
			isa = PBXNativeTarget;
			buildConfigurationList = 3652ABA82D7D2393007BD1C9 /* Build configuration list for PBXNativeTarget "MarkdownClipPluginProtocolTests" */;
			buildPhases = (
				3652AB962D7D2393007BD1C9 /* Sources */,
				3652AB972D7D2393007BD1C9 /* Frameworks */,
				3652AB982D7D2393007BD1C9 /* Resources */,
				3652ABE42D7D279E007BD1C9 /* Embed Frameworks */,
			);
			buildRules = (
			);
			dependencies = (
				3652AB9D2D7D2393007BD1C9 /* PBXTargetDependency */,
			);
			fileSystemSynchronizedGroups = (
				3652AB9E2D7D2393007BD1C9 /* MarkdownClipPluginProtocolTests */,
			);
			name = MarkdownClipPluginProtocolTests;
			packageProductDependencies = (
			);
			productName = MarkdownClipPluginProtocolTests;
			productReference = 3652AB9A2D7D2393007BD1C9 /* MarkdownClipPluginProtocolTests.xctest */;
			productType = "com.apple.product-type.bundle.unit-test";
		};
/* End PBXNativeTarget section */

/* Begin PBXProject section */
		3652AB872D7D2393007BD1C9 /* Project object */ = {
			isa = PBXProject;
			attributes = {
				BuildIndependentTargetsInParallel = 1;
				LastSwiftUpdateCheck = 1620;
				LastUpgradeCheck = 1620;
				TargetAttributes = {
					3652AB8F2D7D2393007BD1C9 = {
						CreatedOnToolsVersion = 16.2;
					};
					3652AB992D7D2393007BD1C9 = {
						CreatedOnToolsVersion = 16.2;
					};
				};
			};
			buildConfigurationList = 3652AB8A2D7D2393007BD1C9 /* Build configuration list for PBXProject "MarkdownClipPluginProtocol" */;
			developmentRegion = en;
			hasScannedForEncodings = 0;
			knownRegions = (
				en,
				Base,
			);
			mainGroup = 3652AB862D7D2393007BD1C9;
			minimizedProjectReferenceProxies = 1;
			packageReferences = (
				366C112F2DAFD57D000CEE7B /* XCRemoteSwiftPackageReference "SDSMarkdownEditView" */,
			);
			preferredProjectObjectVersion = 77;
			productRefGroup = 3652AB912D7D2393007BD1C9 /* Products */;
			projectDirPath = "";
			projectRoot = "";
			targets = (
				3652AB8F2D7D2393007BD1C9 /* MarkdownClipPluginProtocol */,
				3652AB992D7D2393007BD1C9 /* MarkdownClipPluginProtocolTests */,
			);
		};
/* End PBXProject section */

/* Begin PBXResourcesBuildPhase section */
		3652AB8E2D7D2393007BD1C9 /* Resources */ = {
			isa = PBXResourcesBuildPhase;
			buildActionMask = 2147483647;
			files = (
			);
			runOnlyForDeploymentPostprocessing = 0;
		};
		3652AB982D7D2393007BD1C9 /* Resources */ = {
			isa = PBXResourcesBuildPhase;
			buildActionMask = 2147483647;
			files = (
			);
			runOnlyForDeploymentPostprocessing = 0;
		};
/* End PBXResourcesBuildPhase section */

/* Begin PBXSourcesBuildPhase section */
		3652AB8C2D7D2393007BD1C9 /* Sources */ = {
			isa = PBXSourcesBuildPhase;
			buildActionMask = 2147483647;
			files = (
			);
			runOnlyForDeploymentPostprocessing = 0;
		};
		3652AB962D7D2393007BD1C9 /* Sources */ = {
			isa = PBXSourcesBuildPhase;
			buildActionMask = 2147483647;
			files = (
			);
			runOnlyForDeploymentPostprocessing = 0;
		};
/* End PBXSourcesBuildPhase section */

/* Begin PBXTargetDependency section */
		3652AB9D2D7D2393007BD1C9 /* PBXTargetDependency */ = {
			isa = PBXTargetDependency;
			target = 3652AB8F2D7D2393007BD1C9 /* MarkdownClipPluginProtocol */;
			targetProxy = 3652AB9C2D7D2393007BD1C9 /* PBXContainerItemProxy */;
		};
/* End PBXTargetDependency section */

/* Begin XCBuildConfiguration section */
		3652ABA42D7D2393007BD1C9 /* Debug */ = {
			isa = XCBuildConfiguration;
			buildSettings = {
				ALLOW_TARGET_PLATFORM_SPECIALIZATION = YES;
				BUILD_LIBRARY_FOR_DISTRIBUTION = YES;
				CODE_SIGN_STYLE = Automatic;
				CURRENT_PROJECT_VERSION = 1;
				DEFINES_MODULE = YES;
				DEVELOPMENT_TEAM = QU378YD9WW;
				DYLIB_COMPATIBILITY_VERSION = 1;
				DYLIB_CURRENT_VERSION = 1;
				DYLIB_INSTALL_NAME_BASE = "@rpath";
				ENABLE_MODULE_VERIFIER = YES;
				GENERATE_INFOPLIST_FILE = YES;
				INFOPLIST_KEY_NSHumanReadableCopyright = "";
				INSTALL_PATH = "$(LOCAL_LIBRARY_DIR)/Frameworks";
				IPHONEOS_DEPLOYMENT_TARGET = 16.6;
				LD_RUNPATH_SEARCH_PATHS = (
					"@executable_path/Frameworks",
					"@loader_path/Frameworks",
				);
				"LD_RUNPATH_SEARCH_PATHS[sdk=macosx*]" = (
					"@executable_path/../Frameworks",
					"@loader_path/Frameworks",
				);
				MACOSX_DEPLOYMENT_TARGET = 13.5;
				MARKETING_VERSION = 1.0;
				MODULE_VERIFIER_SUPPORTED_LANGUAGES = "objective-c objective-c++";
				MODULE_VERIFIER_SUPPORTED_LANGUAGE_STANDARDS = "gnu17 gnu++20";
				PRODUCT_BUNDLE_IDENTIFIER = com.smalldesksoftware.MarkdownClipPluginProtocol;
				PRODUCT_NAME = "$(TARGET_NAME:c99extidentifier)";
				SDKROOT = auto;
				SKIP_INSTALL = YES;
				SUPPORTED_PLATFORMS = "iphoneos iphonesimulator macosx xros xrsimulator";
				SWIFT_EMIT_LOC_STRINGS = YES;
				SWIFT_INSTALL_OBJC_HEADER = NO;
				SWIFT_VERSION = 5.0;
				TARGETED_DEVICE_FAMILY = "1,2,7";
				XROS_DEPLOYMENT_TARGET = 2.0;
			};
			name = Debug;
		};
		3652ABA52D7D2393007BD1C9 /* Release */ = {
			isa = XCBuildConfiguration;
			buildSettings = {
				ALLOW_TARGET_PLATFORM_SPECIALIZATION = YES;
				BUILD_LIBRARY_FOR_DISTRIBUTION = YES;
				CODE_SIGN_STYLE = Automatic;
				CURRENT_PROJECT_VERSION = 1;
				DEFINES_MODULE = YES;
				DEVELOPMENT_TEAM = QU378YD9WW;
				DYLIB_COMPATIBILITY_VERSION = 1;
				DYLIB_CURRENT_VERSION = 1;
				DYLIB_INSTALL_NAME_BASE = "@rpath";
				ENABLE_MODULE_VERIFIER = YES;
				GENERATE_INFOPLIST_FILE = YES;
				INFOPLIST_KEY_NSHumanReadableCopyright = "";
				INSTALL_PATH = "$(LOCAL_LIBRARY_DIR)/Frameworks";
				IPHONEOS_DEPLOYMENT_TARGET = 16.6;
				LD_RUNPATH_SEARCH_PATHS = (
					"@executable_path/Frameworks",
					"@loader_path/Frameworks",
				);
				"LD_RUNPATH_SEARCH_PATHS[sdk=macosx*]" = (
					"@executable_path/../Frameworks",
					"@loader_path/Frameworks",
				);
				MACOSX_DEPLOYMENT_TARGET = 13.5;
				MARKETING_VERSION = 1.0;
				MODULE_VERIFIER_SUPPORTED_LANGUAGES = "objective-c objective-c++";
				MODULE_VERIFIER_SUPPORTED_LANGUAGE_STANDARDS = "gnu17 gnu++20";
				PRODUCT_BUNDLE_IDENTIFIER = com.smalldesksoftware.MarkdownClipPluginProtocol;
				PRODUCT_NAME = "$(TARGET_NAME:c99extidentifier)";
				SDKROOT = auto;
				SKIP_INSTALL = YES;
				SUPPORTED_PLATFORMS = "iphoneos iphonesimulator macosx xros xrsimulator";
				SWIFT_EMIT_LOC_STRINGS = YES;
				SWIFT_INSTALL_OBJC_HEADER = NO;
				SWIFT_VERSION = 5.0;
				TARGETED_DEVICE_FAMILY = "1,2,7";
				XROS_DEPLOYMENT_TARGET = 2.0;
			};
			name = Release;
		};
		3652ABA62D7D2393007BD1C9 /* Debug */ = {
			isa = XCBuildConfiguration;
			buildSettings = {
				ALWAYS_SEARCH_USER_PATHS = NO;
				ASSETCATALOG_COMPILER_GENERATE_SWIFT_ASSET_SYMBOL_EXTENSIONS = YES;
				CLANG_ANALYZER_NONNULL = YES;
				CLANG_ANALYZER_NUMBER_OBJECT_CONVERSION = YES_AGGRESSIVE;
				CLANG_CXX_LANGUAGE_STANDARD = "gnu++20";
				CLANG_ENABLE_MODULES = YES;
				CLANG_ENABLE_OBJC_ARC = YES;
				CLANG_ENABLE_OBJC_WEAK = YES;
				CLANG_WARN_BLOCK_CAPTURE_AUTORELEASING = YES;
				CLANG_WARN_BOOL_CONVERSION = YES;
				CLANG_WARN_COMMA = YES;
				CLANG_WARN_CONSTANT_CONVERSION = YES;
				CLANG_WARN_DEPRECATED_OBJC_IMPLEMENTATIONS = YES;
				CLANG_WARN_DIRECT_OBJC_ISA_USAGE = YES_ERROR;
				CLANG_WARN_DOCUMENTATION_COMMENTS = YES;
				CLANG_WARN_EMPTY_BODY = YES;
				CLANG_WARN_ENUM_CONVERSION = YES;
				CLANG_WARN_INFINITE_RECURSION = YES;
				CLANG_WARN_INT_CONVERSION = YES;
				CLANG_WARN_NON_LITERAL_NULL_CONVERSION = YES;
				CLANG_WARN_OBJC_IMPLICIT_RETAIN_SELF = YES;
				CLANG_WARN_OBJC_LITERAL_CONVERSION = YES;
				CLANG_WARN_OBJC_ROOT_CLASS = YES_ERROR;
				CLANG_WARN_QUOTED_INCLUDE_IN_FRAMEWORK_HEADER = YES;
				CLANG_WARN_RANGE_LOOP_ANALYSIS = YES;
				CLANG_WARN_STRICT_PROTOTYPES = YES;
				CLANG_WARN_SUSPICIOUS_MOVE = YES;
				CLANG_WARN_UNGUARDED_AVAILABILITY = YES_AGGRESSIVE;
				CLANG_WARN_UNREACHABLE_CODE = YES;
				CLANG_WARN__DUPLICATE_METHOD_MATCH = YES;
				COPY_PHASE_STRIP = NO;
				CURRENT_PROJECT_VERSION = 1;
				DEBUG_INFORMATION_FORMAT = dwarf;
				ENABLE_STRICT_OBJC_MSGSEND = YES;
				ENABLE_TESTABILITY = YES;
				ENABLE_USER_SCRIPT_SANDBOXING = YES;
				GCC_C_LANGUAGE_STANDARD = gnu17;
				GCC_DYNAMIC_NO_PIC = NO;
				GCC_NO_COMMON_BLOCKS = YES;
				GCC_OPTIMIZATION_LEVEL = 0;
				GCC_PREPROCESSOR_DEFINITIONS = (
					"DEBUG=1",
					"$(inherited)",
				);
				GCC_WARN_64_TO_32_BIT_CONVERSION = YES;
				GCC_WARN_ABOUT_RETURN_TYPE = YES_ERROR;
				GCC_WARN_UNDECLARED_SELECTOR = YES;
				GCC_WARN_UNINITIALIZED_AUTOS = YES_AGGRESSIVE;
				GCC_WARN_UNUSED_FUNCTION = YES;
				GCC_WARN_UNUSED_VARIABLE = YES;
				LOCALIZATION_PREFERS_STRING_CATALOGS = YES;
				MTL_ENABLE_DEBUG_INFO = INCLUDE_SOURCE;
				MTL_FAST_MATH = YES;
				ONLY_ACTIVE_ARCH = YES;
				SWIFT_ACTIVE_COMPILATION_CONDITIONS = "DEBUG $(inherited)";
				SWIFT_OPTIMIZATION_LEVEL = "-Onone";
				VERSIONING_SYSTEM = "apple-generic";
				VERSION_INFO_PREFIX = "";
			};
			name = Debug;
		};
		3652ABA72D7D2393007BD1C9 /* Release */ = {
			isa = XCBuildConfiguration;
			buildSettings = {
				ALWAYS_SEARCH_USER_PATHS = NO;
				ASSETCATALOG_COMPILER_GENERATE_SWIFT_ASSET_SYMBOL_EXTENSIONS = YES;
				CLANG_ANALYZER_NONNULL = YES;
				CLANG_ANALYZER_NUMBER_OBJECT_CONVERSION = YES_AGGRESSIVE;
				CLANG_CXX_LANGUAGE_STANDARD = "gnu++20";
				CLANG_ENABLE_MODULES = YES;
				CLANG_ENABLE_OBJC_ARC = YES;
				CLANG_ENABLE_OBJC_WEAK = YES;
				CLANG_WARN_BLOCK_CAPTURE_AUTORELEASING = YES;
				CLANG_WARN_BOOL_CONVERSION = YES;
				CLANG_WARN_COMMA = YES;
				CLANG_WARN_CONSTANT_CONVERSION = YES;
				CLANG_WARN_DEPRECATED_OBJC_IMPLEMENTATIONS = YES;
				CLANG_WARN_DIRECT_OBJC_ISA_USAGE = YES_ERROR;
				CLANG_WARN_DOCUMENTATION_COMMENTS = YES;
				CLANG_WARN_EMPTY_BODY = YES;
				CLANG_WARN_ENUM_CONVERSION = YES;
				CLANG_WARN_INFINITE_RECURSION = YES;
				CLANG_WARN_INT_CONVERSION = YES;
				CLANG_WARN_NON_LITERAL_NULL_CONVERSION = YES;
				CLANG_WARN_OBJC_IMPLICIT_RETAIN_SELF = YES;
				CLANG_WARN_OBJC_LITERAL_CONVERSION = YES;
				CLANG_WARN_OBJC_ROOT_CLASS = YES_ERROR;
				CLANG_WARN_QUOTED_INCLUDE_IN_FRAMEWORK_HEADER = YES;
				CLANG_WARN_RANGE_LOOP_ANALYSIS = YES;
				CLANG_WARN_STRICT_PROTOTYPES = YES;
				CLANG_WARN_SUSPICIOUS_MOVE = YES;
				CLANG_WARN_UNGUARDED_AVAILABILITY = YES_AGGRESSIVE;
				CLANG_WARN_UNREACHABLE_CODE = YES;
				CLANG_WARN__DUPLICATE_METHOD_MATCH = YES;
				COPY_PHASE_STRIP = NO;
				CURRENT_PROJECT_VERSION = 1;
				DEBUG_INFORMATION_FORMAT = "dwarf-with-dsym";
				ENABLE_NS_ASSERTIONS = NO;
				ENABLE_STRICT_OBJC_MSGSEND = YES;
				ENABLE_USER_SCRIPT_SANDBOXING = YES;
				GCC_C_LANGUAGE_STANDARD = gnu17;
				GCC_NO_COMMON_BLOCKS = YES;
				GCC_WARN_64_TO_32_BIT_CONVERSION = YES;
				GCC_WARN_ABOUT_RETURN_TYPE = YES_ERROR;
				GCC_WARN_UNDECLARED_SELECTOR = YES;
				GCC_WARN_UNINITIALIZED_AUTOS = YES_AGGRESSIVE;
				GCC_WARN_UNUSED_FUNCTION = YES;
				GCC_WARN_UNUSED_VARIABLE = YES;
				LOCALIZATION_PREFERS_STRING_CATALOGS = YES;
				MTL_ENABLE_DEBUG_INFO = NO;
				MTL_FAST_MATH = YES;
				SWIFT_COMPILATION_MODE = wholemodule;
				VERSIONING_SYSTEM = "apple-generic";
				VERSION_INFO_PREFIX = "";
			};
			name = Release;
		};
		3652ABA92D7D2393007BD1C9 /* Debug */ = {
			isa = XCBuildConfiguration;
			buildSettings = {
				ALLOW_TARGET_PLATFORM_SPECIALIZATION = YES;
				CODE_SIGN_STYLE = Automatic;
				CURRENT_PROJECT_VERSION = 1;
				DEVELOPMENT_TEAM = QU378YD9WW;
				GENERATE_INFOPLIST_FILE = YES;
				IPHONEOS_DEPLOYMENT_TARGET = 18.2;
				MACOSX_DEPLOYMENT_TARGET = 15.2;
				MARKETING_VERSION = 1.0;
				PRODUCT_BUNDLE_IDENTIFIER = com.smalldesksoftware.MarkdownClipPluginProtocolTests;
				PRODUCT_NAME = "$(TARGET_NAME)";
				SDKROOT = auto;
				SUPPORTED_PLATFORMS = "iphoneos iphonesimulator macosx xros xrsimulator";
				SWIFT_EMIT_LOC_STRINGS = NO;
				SWIFT_VERSION = 5.0;
				TARGETED_DEVICE_FAMILY = "1,2,7";
				XROS_DEPLOYMENT_TARGET = 2.2;
			};
			name = Debug;
		};
		3652ABAA2D7D2393007BD1C9 /* Release */ = {
			isa = XCBuildConfiguration;
			buildSettings = {
				ALLOW_TARGET_PLATFORM_SPECIALIZATION = YES;
				CODE_SIGN_STYLE = Automatic;
				CURRENT_PROJECT_VERSION = 1;
				DEVELOPMENT_TEAM = QU378YD9WW;
				GENERATE_INFOPLIST_FILE = YES;
				IPHONEOS_DEPLOYMENT_TARGET = 18.2;
				MACOSX_DEPLOYMENT_TARGET = 15.2;
				MARKETING_VERSION = 1.0;
				PRODUCT_BUNDLE_IDENTIFIER = com.smalldesksoftware.MarkdownClipPluginProtocolTests;
				PRODUCT_NAME = "$(TARGET_NAME)";
				SDKROOT = auto;
				SUPPORTED_PLATFORMS = "iphoneos iphonesimulator macosx xros xrsimulator";
				SWIFT_EMIT_LOC_STRINGS = NO;
				SWIFT_VERSION = 5.0;
				TARGETED_DEVICE_FAMILY = "1,2,7";
				XROS_DEPLOYMENT_TARGET = 2.2;
			};
			name = Release;
		};
/* End XCBuildConfiguration section */

/* Begin XCConfigurationList section */
		3652AB8A2D7D2393007BD1C9 /* Build configuration list for PBXProject "MarkdownClipPluginProtocol" */ = {
			isa = XCConfigurationList;
			buildConfigurations = (
				3652ABA62D7D2393007BD1C9 /* Debug */,
				3652ABA72D7D2393007BD1C9 /* Release */,
			);
			defaultConfigurationIsVisible = 0;
			defaultConfigurationName = Release;
		};
		3652ABA32D7D2393007BD1C9 /* Build configuration list for PBXNativeTarget "MarkdownClipPluginProtocol" */ = {
			isa = XCConfigurationList;
			buildConfigurations = (
				3652ABA42D7D2393007BD1C9 /* Debug */,
				3652ABA52D7D2393007BD1C9 /* Release */,
			);
			defaultConfigurationIsVisible = 0;
			defaultConfigurationName = Release;
		};
		3652ABA82D7D2393007BD1C9 /* Build configuration list for PBXNativeTarget "MarkdownClipPluginProtocolTests" */ = {
			isa = XCConfigurationList;
			buildConfigurations = (
				3652ABA92D7D2393007BD1C9 /* Debug */,
				3652ABAA2D7D2393007BD1C9 /* Release */,
			);
			defaultConfigurationIsVisible = 0;
			defaultConfigurationName = Release;
		};
/* End XCConfigurationList section */

/* Begin XCRemoteSwiftPackageReference section */
		366C112F2DAFD57D000CEE7B /* XCRemoteSwiftPackageReference "SDSMarkdownEditView" */ = {
			isa = XCRemoteSwiftPackageReference;
			repositoryURL = "https://github.com/tyagishi/SDSMarkdownEditView";
			requirement = {
				kind = upToNextMajorVersion;
				minimumVersion = 2.0.1;
			};
		};
/* End XCRemoteSwiftPackageReference section */

/* Begin XCSwiftPackageProductDependency section */
		366C11302DAFD57D000CEE7B /* SDSMarkdownEditView */ = {
			isa = XCSwiftPackageProductDependency;
			package = 366C112F2DAFD57D000CEE7B /* XCRemoteSwiftPackageReference "SDSMarkdownEditView" */;
			productName = SDSMarkdownEditView;
		};
/* End XCSwiftPackageProductDependency section */
	};
	rootObject = 3652AB872D7D2393007BD1C9 /* Project object */;
}
